
Microsoft Visual Studio Solution File, Format Version 12.00
# Visual Studio Version 17
VisualStudioVersion = 17.9.34622.214
MinimumVisualStudioVersion = 10.0.40219.1
Project("{FAE04EC0-301F-11D3-BF4B-00C04F79EFBC}") = "ASCII_Robot", "ASCII_Robot\ASCII_Robot.csproj", "{4A0A8B04-9907-441F-87AA-8383388768E5}"
EndProject
Global
	GlobalSection(SolutionConfigurationPlatforms) = preSolution
		Debug|Any CPU = Debug|Any CPU
		Release|Any CPU = Release|Any CPU
	EndGlobalSection
	GlobalSection(ProjectConfigurationPlatforms) = postSolution
		{4A0A8B04-9907-441F-87AA-8383388768E5}.Debug|Any CPU.ActiveCfg = Debug|Any CPU
		{4A0A8B04-9907-441F-87AA-8383388768E5}.Debug|Any CPU.Build.0 = Debug|Any CPU
		{4A0A8B04-9907-441F-87AA-8383388768E5}.Release|Any CPU.ActiveCfg = Release|Any CPU
		{4A0A8B04-9907-441F-87AA-8383388768E5}.Release|Any CPU.Build.0 = Release|Any CPU
	EndGlobalSection
	GlobalSection(SolutionProperties) = preSolution
		HideSolutionNode = FALSE
	EndGlobalSection
	GlobalSection(ExtensibilityGlobals) = postSolution
		SolutionGuid = {BA4F2FBC-98C9-4252-B9AF-9739ED9E81F3}
	EndGlobalSection
EndGlobal
